
Microsoft Visual Studio Solution File, Format Version 12.00
# Visual Studio Version 16
VisualStudioVersion = 16.0.30804.86
MinimumVisualStudioVersion = 10.0.40219.1
Project("{FAE04EC0-301F-11D3-BF4B-00C04F79EFBC}") = "RayTracing", "RayTracing.csproj", "{BBA67269-C524-4987-AF79-5192A226E095}"
EndProject
Global
	GlobalSection(SolutionConfigurationPlatforms) = preSolution
		Debug|Any CPU = Debug|Any CPU
		Release|Any CPU = Release|Any CPU
	EndGlobalSection
	GlobalSection(ProjectConfigurationPlatforms) = postSolution
		{BBA67269-C524-4987-AF79-5192A226E095}.Debug|Any CPU.ActiveCfg = Debug|Any CPU
		{BBA67269-C524-4987-AF79-5192A226E095}.Debug|Any CPU.Build.0 = Debug|Any CPU
		{BBA67269-C524-4987-AF79-5192A226E095}.Release|Any CPU.ActiveCfg = Release|Any CPU
		{BBA67269-C524-4987-AF79-5192A226E095}.Release|Any CPU.Build.0 = Release|Any CPU
	EndGlobalSection
	GlobalSection(SolutionProperties) = preSolution
		HideSolutionNode = FALSE
	EndGlobalSection
	GlobalSection(ExtensibilityGlobals) = postSolution
		SolutionGuid = {ED59D952-88EF-49EC-BA8A-F882DF117109}
	EndGlobalSection
EndGlobal
